
Microsoft Visual Studio Solution File, Format Version 12.00
# Visual Studio 2012
Project("{FAE04EC0-301F-11D3-BF4B-00C04F79EFBC}") = "EduGradesPublisher", "EduGradesPublisher\EduGradesPublisher.csproj", "{C6F863FB-B345-43E8-91B0-83B08461445A}"
EndProject
Global
	GlobalSection(SolutionConfigurationPlatforms) = preSolution
		Debug|Any CPU = Debug|Any CPU
		Release|Any CPU = Release|Any CPU
	EndGlobalSection
	GlobalSection(ProjectConfigurationPlatforms) = postSolution
		{C6F863FB-B345-43E8-91B0-83B08461445A}.Debug|Any CPU.ActiveCfg = Debug|Any CPU
		{C6F863FB-B345-43E8-91B0-83B08461445A}.Debug|Any CPU.Build.0 = Debug|Any CPU
		{C6F863FB-B345-43E8-91B0-83B08461445A}.Release|Any CPU.ActiveCfg = Release|Any CPU
		{C6F863FB-B345-43E8-91B0-83B08461445A}.Release|Any CPU.Build.0 = Release|Any CPU
	EndGlobalSection
	GlobalSection(SolutionProperties) = preSolution
		HideSolutionNode = FALSE
	EndGlobalSection
EndGlobal
